
Microsoft Visual Studio Solution File, Format Version 12.00
# Visual Studio 15
VisualStudioVersion = 15.0.28010.2036
MinimumVisualStudioVersion = 10.0.40219.1
Project("{2150E333-8FDC-42A3-9474-1A3956D46DE8}") = "CoreProject", "CoreProject", "{F2944ED4-65B2-4C38-A9CC-8B30317DB5BC}"
EndProject
Project("{2150E333-8FDC-42A3-9474-1A3956D46DE8}") = "IOTProject", "IOTProject", "{EC11C6CF-FC2E-473D-A30A-9A9535FF268A}"
EndProject
Project("{2150E333-8FDC-42A3-9474-1A3956D46DE8}") = "1 - WebService", "1 - WebService", "{0610A47D-833A-4955-84B9-0024C449D620}"
EndProject
Project("{2150E333-8FDC-42A3-9474-1A3956D46DE8}") = "2 - Application", "2 - Application", "{7DAD517C-1873-4DAF-A628-995093FCDCCA}"
EndProject
Project("{2150E333-8FDC-42A3-9474-1A3956D46DE8}") = "3 - Domain", "3 - Domain", "{B13A8D80-2788-408A-9F79-6F8FFD508669}"
EndProject
Project("{2150E333-8FDC-42A3-9474-1A3956D46DE8}") = "4 - Infra", "4 - Infra", "{79B71362-1FD1-45F1-9AFC-BBB5AB8B8105}"
EndProject
Project("{9A19103F-16F7-4668-BE54-9A1E7A4F7556}") = "IOTProject.IOTProject.Domain", "IOTProject.IOTProject.Domain\IOTProject.IOTProject.Domain.csproj", "{E3A56254-E086-4AB4-8B1B-4343128A3626}"
EndProject
Project("{9A19103F-16F7-4668-BE54-9A1E7A4F7556}") = "IOTProject.CoreProject.Core", "IOTProject.CoreProject.Core\IOTProject.CoreProject.Core.csproj", "{FDE53AB9-838A-4BB6-ADF7-FABC1C65BB20}"
EndProject
Project("{2150E333-8FDC-42A3-9474-1A3956D46DE8}") = "4.1 - CrossCutting", "4.1 - CrossCutting", "{5D065DE2-F5CB-4539-8027-191B10BE06CF}"
EndProject
Project("{2150E333-8FDC-42A3-9474-1A3956D46DE8}") = "4.2 - Data", "4.2 - Data", "{E345A09C-3AB3-46F3-B025-C77E88995572}"
EndProject
Project("{9A19103F-16F7-4668-BE54-9A1E7A4F7556}") = "IOTProject.IOTProject.Infra.Data", "IOTProject.IOTProject.Infra.Data\IOTProject.IOTProject.Infra.Data.csproj", "{4FE8B145-5029-4FAC-BF5C-6CEF333E74DA}"
EndProject
Project("{9A19103F-16F7-4668-BE54-9A1E7A4F7556}") = "IOTProject.IOTProject.Infra.Ioc", "IOTProject.IOTProject.Infra.Ioc\IOTProject.IOTProject.Infra.Ioc.csproj", "{16A9B75A-00CE-4AF3-9D3E-914241A920C2}"
EndProject
Project("{FAE04EC0-301F-11D3-BF4B-00C04F79EFBC}") = "IOTProject.IOTProject.Application", "IOTProject.IOTProject.Application\IOTProject.IOTProject.Application.csproj", "{2900FD7D-37B4-40DE-A9BA-F8D287247C64}"
EndProject
Project("{FAE04EC0-301F-11D3-BF4B-00C04F79EFBC}") = "IOTProject.IOTProject.Infra.Bus", "IOTProject.IOTProject.Infra.Bus\IOTProject.IOTProject.Infra.Bus.csproj", "{2A16D8A0-33F8-42E8-933F-2095C7155BDD}"
EndProject
Project("{FAE04EC0-301F-11D3-BF4B-00C04F79EFBC}") = "IOTProject.IOTProject.Webservice", "IOTProject.IOTProject.Webservice\IOTProject.IOTProject.Webservice.csproj", "{92203A8D-AFEC-4EA8-B6E5-751004448CC6}"
EndProject
Global
	GlobalSection(SolutionConfigurationPlatforms) = preSolution
		Debug|Any CPU = Debug|Any CPU
		Release|Any CPU = Release|Any CPU
	EndGlobalSection
	GlobalSection(ProjectConfigurationPlatforms) = postSolution
		{E3A56254-E086-4AB4-8B1B-4343128A3626}.Debug|Any CPU.ActiveCfg = Debug|Any CPU
		{E3A56254-E086-4AB4-8B1B-4343128A3626}.Debug|Any CPU.Build.0 = Debug|Any CPU
		{E3A56254-E086-4AB4-8B1B-4343128A3626}.Release|Any CPU.ActiveCfg = Release|Any CPU
		{E3A56254-E086-4AB4-8B1B-4343128A3626}.Release|Any CPU.Build.0 = Release|Any CPU
		{FDE53AB9-838A-4BB6-ADF7-FABC1C65BB20}.Debug|Any CPU.ActiveCfg = Debug|Any CPU
		{FDE53AB9-838A-4BB6-ADF7-FABC1C65BB20}.Debug|Any CPU.Build.0 = Debug|Any CPU
		{FDE53AB9-838A-4BB6-ADF7-FABC1C65BB20}.Release|Any CPU.ActiveCfg = Release|Any CPU
		{FDE53AB9-838A-4BB6-ADF7-FABC1C65BB20}.Release|Any CPU.Build.0 = Release|Any CPU
		{4FE8B145-5029-4FAC-BF5C-6CEF333E74DA}.Debug|Any CPU.ActiveCfg = Debug|Any CPU
		{4FE8B145-5029-4FAC-BF5C-6CEF333E74DA}.Debug|Any CPU.Build.0 = Debug|Any CPU
		{4FE8B145-5029-4FAC-BF5C-6CEF333E74DA}.Release|Any CPU.ActiveCfg = Release|Any CPU
		{4FE8B145-5029-4FAC-BF5C-6CEF333E74DA}.Release|Any CPU.Build.0 = Release|Any CPU
		{16A9B75A-00CE-4AF3-9D3E-914241A920C2}.Debug|Any CPU.ActiveCfg = Debug|Any CPU
		{16A9B75A-00CE-4AF3-9D3E-914241A920C2}.Debug|Any CPU.Build.0 = Debug|Any CPU
		{16A9B75A-00CE-4AF3-9D3E-914241A920C2}.Release|Any CPU.ActiveCfg = Release|Any CPU
		{16A9B75A-00CE-4AF3-9D3E-914241A920C2}.Release|Any CPU.Build.0 = Release|Any CPU
		{2900FD7D-37B4-40DE-A9BA-F8D287247C64}.Debug|Any CPU.ActiveCfg = Debug|Any CPU
		{2900FD7D-37B4-40DE-A9BA-F8D287247C64}.Debug|Any CPU.Build.0 = Debug|Any CPU
		{2900FD7D-37B4-40DE-A9BA-F8D287247C64}.Release|Any CPU.ActiveCfg = Release|Any CPU
		{2900FD7D-37B4-40DE-A9BA-F8D287247C64}.Release|Any CPU.Build.0 = Release|Any CPU
		{2A16D8A0-33F8-42E8-933F-2095C7155BDD}.Debug|Any CPU.ActiveCfg = Debug|Any CPU
		{2A16D8A0-33F8-42E8-933F-2095C7155BDD}.Debug|Any CPU.Build.0 = Debug|Any CPU
		{2A16D8A0-33F8-42E8-933F-2095C7155BDD}.Release|Any CPU.ActiveCfg = Release|Any CPU
		{2A16D8A0-33F8-42E8-933F-2095C7155BDD}.Release|Any CPU.Build.0 = Release|Any CPU
		{92203A8D-AFEC-4EA8-B6E5-751004448CC6}.Debug|Any CPU.ActiveCfg = Debug|Any CPU
		{92203A8D-AFEC-4EA8-B6E5-751004448CC6}.Debug|Any CPU.Build.0 = Debug|Any CPU
		{92203A8D-AFEC-4EA8-B6E5-751004448CC6}.Release|Any CPU.ActiveCfg = Release|Any CPU
		{92203A8D-AFEC-4EA8-B6E5-751004448CC6}.Release|Any CPU.Build.0 = Release|Any CPU
	EndGlobalSection
	GlobalSection(SolutionProperties) = preSolution
		HideSolutionNode = FALSE
	EndGlobalSection
	GlobalSection(NestedProjects) = preSolution
		{0610A47D-833A-4955-84B9-0024C449D620} = {EC11C6CF-FC2E-473D-A30A-9A9535FF268A}
		{7DAD517C-1873-4DAF-A628-995093FCDCCA} = {EC11C6CF-FC2E-473D-A30A-9A9535FF268A}
		{B13A8D80-2788-408A-9F79-6F8FFD508669} = {EC11C6CF-FC2E-473D-A30A-9A9535FF268A}
		{79B71362-1FD1-45F1-9AFC-BBB5AB8B8105} = {EC11C6CF-FC2E-473D-A30A-9A9535FF268A}
		{E3A56254-E086-4AB4-8B1B-4343128A3626} = {B13A8D80-2788-408A-9F79-6F8FFD508669}
		{FDE53AB9-838A-4BB6-ADF7-FABC1C65BB20} = {F2944ED4-65B2-4C38-A9CC-8B30317DB5BC}
		{5D065DE2-F5CB-4539-8027-191B10BE06CF} = {79B71362-1FD1-45F1-9AFC-BBB5AB8B8105}
		{E345A09C-3AB3-46F3-B025-C77E88995572} = {79B71362-1FD1-45F1-9AFC-BBB5AB8B8105}
		{4FE8B145-5029-4FAC-BF5C-6CEF333E74DA} = {E345A09C-3AB3-46F3-B025-C77E88995572}
		{16A9B75A-00CE-4AF3-9D3E-914241A920C2} = {5D065DE2-F5CB-4539-8027-191B10BE06CF}
		{2900FD7D-37B4-40DE-A9BA-F8D287247C64} = {7DAD517C-1873-4DAF-A628-995093FCDCCA}
		{2A16D8A0-33F8-42E8-933F-2095C7155BDD} = {5D065DE2-F5CB-4539-8027-191B10BE06CF}
		{92203A8D-AFEC-4EA8-B6E5-751004448CC6} = {0610A47D-833A-4955-84B9-0024C449D620}
	EndGlobalSection
	GlobalSection(ExtensibilityGlobals) = postSolution
		SolutionGuid = {63B08027-A44D-4CBC-8A1D-649DD5DE34DA}
	EndGlobalSection
EndGlobal
